
Microsoft Visual Studio Solution File, Format Version 12.00
# Visual Studio Version 16
VisualStudioVersion = 16.0.29613.14
MinimumVisualStudioVersion = 10.0.40219.1
Project("{FAE04EC0-301F-11D3-BF4B-00C04F79EFBC}") = "AddInfoAndImage", "AddInfoAndImage\AddInfoAndImage.csproj", "{1665AE88-0D9C-4095-8C14-3B5D5FAEF6D1}"
EndProject
Global
	GlobalSection(SolutionConfigurationPlatforms) = preSolution
		Debug|Any CPU = Debug|Any CPU
		Release|Any CPU = Release|Any CPU
	EndGlobalSection
	GlobalSection(ProjectConfigurationPlatforms) = postSolution
		{1665AE88-0D9C-4095-8C14-3B5D5FAEF6D1}.Debug|Any CPU.ActiveCfg = Debug|Any CPU
		{1665AE88-0D9C-4095-8C14-3B5D5FAEF6D1}.Debug|Any CPU.Build.0 = Debug|Any CPU
		{1665AE88-0D9C-4095-8C14-3B5D5FAEF6D1}.Release|Any CPU.ActiveCfg = Release|Any CPU
		{1665AE88-0D9C-4095-8C14-3B5D5FAEF6D1}.Release|Any CPU.Build.0 = Release|Any CPU
	EndGlobalSection
	GlobalSection(SolutionProperties) = preSolution
		HideSolutionNode = FALSE
	EndGlobalSection
	GlobalSection(ExtensibilityGlobals) = postSolution
		SolutionGuid = {B4A08154-1B09-44CB-B126-F6EC7DB7B7F6}
	EndGlobalSection
EndGlobal
